// !$*UTF8*$!
{
	archiveVersion = 1;
	classes = {
	};
	objectVersion = 56;
	objects = {

/* Begin PBXBuildFile section */
		C62C00A92A9A9B0A00333B32 /* ColorizeAppApp.swift in Sources */ = {isa = PBXBuildFile; fileRef = C62C00A82A9A9B0A00333B32 /* ColorizeAppApp.swift */; };
		C62C00AB2A9A9B0A00333B32 /* ColorizedApp.swift in Sources */ = {isa = PBXBuildFile; fileRef = C62C00AA2A9A9B0A00333B32 /* ColorizedApp.swift */; };
		C62C00AD2A9A9B0C00333B32 /* Assets.xcassets in Resources */ = {isa = PBXBuildFile; fileRef = C62C00AC2A9A9B0C00333B32 /* Assets.xcassets */; };
		C62C00B02A9A9B0C00333B32 /* Preview Assets.xcassets in Resources */ = {isa = PBXBuildFile; fileRef = C62C00AF2A9A9B0C00333B32 /* Preview Assets.xcassets */; };
		C62C00B72A9E742000333B32 /* ColorView.swift in Sources */ = {isa = PBXBuildFile; fileRef = C62C00B62A9E742000333B32 /* ColorView.swift */; };
		C62C00B92A9E743700333B32 /* ColorSlider.swift in Sources */ = {isa = PBXBuildFile; fileRef = C62C00B82A9E743700333B32 /* ColorSlider.swift */; };
		C62C00BB2A9E744F00333B32 /* ColorTextField.swift in Sources */ = {isa = PBXBuildFile; fileRef = C62C00BA2A9E744F00333B32 /* ColorTextField.swift */; };
/* End PBXBuildFile section */

/* Begin PBXFileReference section */
		C62C00A52A9A9B0A00333B32 /* ColorizeApp.app */ = {isa = PBXFileReference; explicitFileType = wrapper.application; includeInIndex = 0; path = ColorizeApp.app; sourceTree = BUILT_PRODUCTS_DIR; };
		C62C00A82A9A9B0A00333B32 /* ColorizeAppApp.swift */ = {isa = PBXFileReference; lastKnownFileType = sourcecode.swift; path = ColorizeAppApp.swift; sourceTree = "<group>"; };
		C62C00AA2A9A9B0A00333B32 /* ColorizedApp.swift */ = {isa = PBXFileReference; lastKnownFileType = sourcecode.swift; path = ColorizedApp.swift; sourceTree = "<group>"; };
		C62C00AC2A9A9B0C00333B32 /* Assets.xcassets */ = {isa = PBXFileReference; lastKnownFileType = folder.assetcatalog; path = Assets.xcassets; sourceTree = "<group>"; };
		C62C00AF2A9A9B0C00333B32 /* Preview Assets.xcassets */ = {isa = PBXFileReference; lastKnownFileType = folder.assetcatalog; path = "Preview Assets.xcassets"; sourceTree = "<group>"; };
		C62C00B62A9E742000333B32 /* ColorView.swift */ = {isa = PBXFileReference; lastKnownFileType = sourcecode.swift; path = ColorView.swift; sourceTree = "<group>"; };
		C62C00B82A9E743700333B32 /* ColorSlider.swift */ = {isa = PBXFileReference; lastKnownFileType = sourcecode.swift; path = ColorSlider.swift; sourceTree = "<group>"; };
		C62C00BA2A9E744F00333B32 /* ColorTextField.swift */ = {isa = PBXFileReference; lastKnownFileType = sourcecode.swift; path = ColorTextField.swift; sourceTree = "<group>"; };
/* End PBXFileReference section */

/* Begin PBXFrameworksBuildPhase section */
		C62C00A22A9A9B0A00333B32 /* Frameworks */ = {
			isa = PBXFrameworksBuildPhase;
			buildActionMask = 2147483647;
			files = (
			);
			runOnlyForDeploymentPostprocessing = 0;
		};
/* End PBXFrameworksBuildPhase section */

/* Begin PBXGroup section */
		C62C009C2A9A9B0A00333B32 = {
			isa = PBXGroup;
			children = (
				C62C00A72A9A9B0A00333B32 /* ColorizeApp */,
				C62C00A62A9A9B0A00333B32 /* Products */,
			);
			sourceTree = "<group>";
		};
		C62C00A62A9A9B0A00333B32 /* Products */ = {
			isa = PBXGroup;
			children = (
				C62C00A52A9A9B0A00333B32 /* ColorizeApp.app */,
			);
			name = Products;
			sourceTree = "<group>";
		};
		C62C00A72A9A9B0A00333B32 /* ColorizeApp */ = {
			isa = PBXGroup;
			children = (
				C62C00A82A9A9B0A00333B32 /* ColorizeAppApp.swift */,
				C62C00AA2A9A9B0A00333B32 /* ColorizedApp.swift */,
				C62C00B62A9E742000333B32 /* ColorView.swift */,
				C62C00B82A9E743700333B32 /* ColorSlider.swift */,
				C62C00BA2A9E744F00333B32 /* ColorTextField.swift */,
				C62C00AC2A9A9B0C00333B32 /* Assets.xcassets */,
				C62C00AE2A9A9B0C00333B32 /* Preview Content */,
			);
			path = ColorizeApp;
			sourceTree = "<group>";
		};
		C62C00AE2A9A9B0C00333B32 /* Preview Content */ = {
			isa = PBXGroup;
			children = (
				C62C00AF2A9A9B0C00333B32 /* Preview Assets.xcassets */,
			);
			path = "Preview Content";
			sourceTree = "<group>";
		};
/* End PBXGroup section */

/* Begin PBXNativeTarget section */
		C62C00A42A9A9B0A00333B32 /* ColorizeApp */ = {
			isa = PBXNativeTarget;
			buildConfigurationList = C62C00B32A9A9B0C00333B32 /* Build configuration list for PBXNativeTarget "ColorizeApp" */;
			buildPhases = (
				C62C00A12A9A9B0A00333B32 /* Sources */,
				C62C00A22A9A9B0A00333B32 /* Frameworks */,
				C62C00A32A9A9B0A00333B32 /* Resources */,
			);
			buildRules = (
			);
			dependencies = (
			);
			name = ColorizeApp;
			productName = ColorizeApp;
			productReference = C62C00A52A9A9B0A00333B32 /* ColorizeApp.app */;
			productType = "com.apple.product-type.application";
		};
/* End PBXNativeTarget section */

/* Begin PBXProject section */
		C62C009D2A9A9B0A00333B32 /* Project object */ = {
			isa = PBXProject;
			attributes = {
				BuildIndependentTargetsInParallel = 1;
				LastSwiftUpdateCheck = 1430;
				LastUpgradeCheck = 1430;
				TargetAttributes = {
					C62C00A42A9A9B0A00333B32 = {
						CreatedOnToolsVersion = 14.3.1;
					};
				};
			};
			buildConfigurationList = C62C00A02A9A9B0A00333B32 /* Build configuration list for PBXProject "ColorizeApp" */;
			compatibilityVersion = "Xcode 14.0";
			developmentRegion = en;
			hasScannedForEncodings = 0;
			knownRegions = (
				en,
				Base,
			);
			mainGroup = C62C009C2A9A9B0A00333B32;
			productRefGroup = C62C00A62A9A9B0A00333B32 /* Products */;
			projectDirPath = "";
			projectRoot = "";
			targets = (
				C62C00A42A9A9B0A00333B32 /* ColorizeApp */,
			);
		};
/* End PBXProject section */

/* Begin PBXResourcesBuildPhase section */
		C62C00A32A9A9B0A00333B32 /* Resources */ = {
			isa = PBXResourcesBuildPhase;
			buildActionMask = 2147483647;
			files = (
				C62C00B02A9A9B0C00333B32 /* Preview Assets.xcassets in Resources */,
				C62C00AD2A9A9B0C00333B32 /* Assets.xcassets in Resources */,
			);
			runOnlyForDeploymentPostprocessing = 0;
		};
/* End PBXResourcesBuildPhase section */

/* Begin PBXSourcesBuildPhase section */
		C62C00A12A9A9B0A00333B32 /* Sources */ = {
			isa = PBXSourcesBuildPhase;
			buildActionMask = 2147483647;
			files = (
				C62C00B72A9E742000333B32 /* ColorView.swift in Sources */,
				C62C00AB2A9A9B0A00333B32 /* ColorizedApp.swift in Sources */,
				C62C00B92A9E743700333B32 /* ColorSlider.swift in Sources */,
				C62C00BB2A9E744F00333B32 /* ColorTextField.swift in Sources */,
				C62C00A92A9A9B0A00333B32 /* ColorizeAppApp.swift in Sources */,
			);
			runOnlyForDeploymentPostprocessing = 0;
		};
/* End PBXSourcesBuildPhase section */

/* Begin XCBuildConfiguration section */
		C62C00B12A9A9B0C00333B32 /* Debug */ = {
			isa = XCBuildConfiguration;
			buildSettings = {
				ALWAYS_SEARCH_USER_PATHS = NO;
				CLANG_ANALYZER_NONNULL = YES;
				CLANG_ANALYZER_NUMBER_OBJECT_CONVERSION = YES_AGGRESSIVE;
				CLANG_CXX_LANGUAGE_STANDARD = "gnu++20";
				CLANG_ENABLE_MODULES = YES;
				CLANG_ENABLE_OBJC_ARC = YES;
				CLANG_ENABLE_OBJC_WEAK = YES;
				CLANG_WARN_BLOCK_CAPTURE_AUTORELEASING = YES;
				CLANG_WARN_BOOL_CONVERSION = YES;
				CLANG_WARN_COMMA = YES;
				CLANG_WARN_CONSTANT_CONVERSION = YES;
				CLANG_WARN_DEPRECATED_OBJC_IMPLEMENTATIONS = YES;
				CLANG_WARN_DIRECT_OBJC_ISA_USAGE = YES_ERROR;
				CLANG_WARN_DOCUMENTATION_COMMENTS = YES;
				CLANG_WARN_EMPTY_BODY = YES;
				CLANG_WARN_ENUM_CONVERSION = YES;
				CLANG_WARN_INFINITE_RECURSION = YES;
				CLANG_WARN_INT_CONVERSION = YES;
				CLANG_WARN_NON_LITERAL_NULL_CONVERSION = YES;
				CLANG_WARN_OBJC_IMPLICIT_RETAIN_SELF = YES;
				CLANG_WARN_OBJC_LITERAL_CONVERSION = YES;
				CLANG_WARN_OBJC_ROOT_CLASS = YES_ERROR;
				CLANG_WARN_QUOTED_INCLUDE_IN_FRAMEWORK_HEADER = YES;
				CLANG_WARN_RANGE_LOOP_ANALYSIS = YES;
				CLANG_WARN_STRICT_PROTOTYPES = YES;
				CLANG_WARN_SUSPICIOUS_MOVE = YES;
				CLANG_WARN_UNGUARDED_AVAILABILITY = YES_AGGRESSIVE;
				CLANG_WARN_UNREACHABLE_CODE = YES;
				CLANG_WARN__DUPLICATE_METHOD_MATCH = YES;
				COPY_PHASE_STRIP = NO;
				DEBUG_INFORMATION_FORMAT = dwarf;
				ENABLE_STRICT_OBJC_MSGSEND = YES;
				ENABLE_TESTABILITY = YES;
				GCC_C_LANGUAGE_STANDARD = gnu11;
				GCC_DYNAMIC_NO_PIC = NO;
				GCC_NO_COMMON_BLOCKS = YES;
				GCC_OPTIMIZATION_LEVEL = 0;
				GCC_PREPROCESSOR_DEFINITIONS = (
					"DEBUG=1",
					"$(inherited)",
				);
				GCC_WARN_64_TO_32_BIT_CONVERSION = YES;
				GCC_WARN_ABOUT_RETURN_TYPE = YES_ERROR;
				GCC_WARN_UNDECLARED_SELECTOR = YES;
				GCC_WARN_UNINITIALIZED_AUTOS = YES_AGGRESSIVE;
				GCC_WARN_UNUSED_FUNCTION = YES;
				GCC_WARN_UNUSED_VARIABLE = YES;
				IPHONEOS_DEPLOYMENT_TARGET = 16.4;
				MTL_ENABLE_DEBUG_INFO = INCLUDE_SOURCE;
				MTL_FAST_MATH = YES;
				ONLY_ACTIVE_ARCH = YES;
				SDKROOT = iphoneos;
				SWIFT_ACTIVE_COMPILATION_CONDITIONS = DEBUG;
				SWIFT_OPTIMIZATION_LEVEL = "-Onone";
			};
			name = Debug;
		};
		C62C00B22A9A9B0C00333B32 /* Release */ = {
			isa = XCBuildConfiguration;
			buildSettings = {
				ALWAYS_SEARCH_USER_PATHS = NO;
				CLANG_ANALYZER_NONNULL = YES;
				CLANG_ANALYZER_NUMBER_OBJECT_CONVERSION = YES_AGGRESSIVE;
				CLANG_CXX_LANGUAGE_STANDARD = "gnu++20";
				CLANG_ENABLE_MODULES = YES;
				CLANG_ENABLE_OBJC_ARC = YES;
				CLANG_ENABLE_OBJC_WEAK = YES;
				CLANG_WARN_BLOCK_CAPTURE_AUTORELEASING = YES;
				CLANG_WARN_BOOL_CONVERSION = YES;
				CLANG_WARN_COMMA = YES;
				CLANG_WARN_CONSTANT_CONVERSION = YES;
				CLANG_WARN_DEPRECATED_OBJC_IMPLEMENTATIONS = YES;
				CLANG_WARN_DIRECT_OBJC_ISA_USAGE = YES_ERROR;
				CLANG_WARN_DOCUMENTATION_COMMENTS = YES;
				CLANG_WARN_EMPTY_BODY = YES;
				CLANG_WARN_ENUM_CONVERSION = YES;
				CLANG_WARN_INFINITE_RECURSION = YES;
				CLANG_WARN_INT_CONVERSION = YES;
				CLANG_WARN_NON_LITERAL_NULL_CONVERSION = YES;
				CLANG_WARN_OBJC_IMPLICIT_RETAIN_SELF = YES;
				CLANG_WARN_OBJC_LITERAL_CONVERSION = YES;
				CLANG_WARN_OBJC_ROOT_CLASS = YES_ERROR;
				CLANG_WARN_QUOTED_INCLUDE_IN_FRAMEWORK_HEADER = YES;
				CLANG_WARN_RANGE_LOOP_ANALYSIS = YES;
				CLANG_WARN_STRICT_PROTOTYPES = YES;
				CLANG_WARN_SUSPICIOUS_MOVE = YES;
				CLANG_WARN_UNGUARDED_AVAILABILITY = YES_AGGRESSIVE;
				CLANG_WARN_UNREACHABLE_CODE = YES;
				CLANG_WARN__DUPLICATE_METHOD_MATCH = YES;
				COPY_PHASE_STRIP = NO;
				DEBUG_INFORMATION_FORMAT = "dwarf-with-dsym";
				ENABLE_NS_ASSERTIONS = NO;
				ENABLE_STRICT_OBJC_MSGSEND = YES;
				GCC_C_LANGUAGE_STANDARD = gnu11;
				GCC_NO_COMMON_BLOCKS = YES;
				GCC_WARN_64_TO_32_BIT_CONVERSION = YES;
				GCC_WARN_ABOUT_RETURN_TYPE = YES_ERROR;
				GCC_WARN_UNDECLARED_SELECTOR = YES;
				GCC_WARN_UNINITIALIZED_AUTOS = YES_AGGRESSIVE;
				GCC_WARN_UNUSED_FUNCTION = YES;
				GCC_WARN_UNUSED_VARIABLE = YES;
				IPHONEOS_DEPLOYMENT_TARGET = 16.4;
				MTL_ENABLE_DEBUG_INFO = NO;
				MTL_FAST_MATH = YES;
				SDKROOT = iphoneos;
				SWIFT_COMPILATION_MODE = wholemodule;
				SWIFT_OPTIMIZATION_LEVEL = "-O";
				VALIDATE_PRODUCT = YES;
			};
			name = Release;
		};
		C62C00B42A9A9B0C00333B32 /* Debug */ = {
			isa = XCBuildConfiguration;
			buildSettings = {
				ASSETCATALOG_COMPILER_APPICON_NAME = AppIcon;
				ASSETCATALOG_COMPILER_GLOBAL_ACCENT_COLOR_NAME = AccentColor;
				CODE_SIGN_STYLE = Automatic;
				CURRENT_PROJECT_VERSION = 1;
				DEVELOPMENT_ASSET_PATHS = "\"ColorizeApp/Preview Content\"";
				DEVELOPMENT_TEAM = DRYCV5GTMX;
				ENABLE_PREVIEWS = YES;
				GENERATE_INFOPLIST_FILE = YES;
				INFOPLIST_KEY_UIApplicationSceneManifest_Generation = YES;
				INFOPLIST_KEY_UIApplicationSupportsIndirectInputEvents = YES;
				INFOPLIST_KEY_UILaunchScreen_Generation = YES;
				INFOPLIST_KEY_UISupportedInterfaceOrientations_iPad = "UIInterfaceOrientationPortrait UIInterfaceOrientationPortraitUpsideDown UIInterfaceOrientationLandscapeLeft UIInterfaceOrientationLandscapeRight";
				INFOPLIST_KEY_UISupportedInterfaceOrientations_iPhone = "UIInterfaceOrientationPortrait UIInterfaceOrientationLandscapeLeft UIInterfaceOrientationLandscapeRight";
				LD_RUNPATH_SEARCH_PATHS = (
					"$(inherited)",
					"@executable_path/Frameworks",
				);
				MARKETING_VERSION = 1.0;
				PRODUCT_BUNDLE_IDENTIFIER = com.liza.Ex.ColorizeApp;
				PRODUCT_NAME = "$(TARGET_NAME)";
				SWIFT_EMIT_LOC_STRINGS = YES;
				SWIFT_VERSION = 5.0;
				TARGETED_DEVICE_FAMILY = "1,2";
			};
			name = Debug;
		};
		C62C00B52A9A9B0C00333B32 /* Release */ = {
			isa = XCBuildConfiguration;
			buildSettings = {
				ASSETCATALOG_COMPILER_APPICON_NAME = AppIcon;
				ASSETCATALOG_COMPILER_GLOBAL_ACCENT_COLOR_NAME = AccentColor;
				CODE_SIGN_STYLE = Automatic;
				CURRENT_PROJECT_VERSION = 1;
				DEVELOPMENT_ASSET_PATHS = "\"ColorizeApp/Preview Content\"";
				DEVELOPMENT_TEAM = DRYCV5GTMX;
				ENABLE_PREVIEWS = YES;
				GENERATE_INFOPLIST_FILE = YES;
				INFOPLIST_KEY_UIApplicationSceneManifest_Generation = YES;
				INFOPLIST_KEY_UIApplicationSupportsIndirectInputEvents = YES;
				INFOPLIST_KEY_UILaunchScreen_Generation = YES;
				INFOPLIST_KEY_UISupportedInterfaceOrientations_iPad = "UIInterfaceOrientationPortrait UIInterfaceOrientationPortraitUpsideDown UIInterfaceOrientationLandscapeLeft UIInterfaceOrientationLandscapeRight";
				INFOPLIST_KEY_UISupportedInterfaceOrientations_iPhone = "UIInterfaceOrientationPortrait UIInterfaceOrientationLandscapeLeft UIInterfaceOrientationLandscapeRight";
				LD_RUNPATH_SEARCH_PATHS = (
					"$(inherited)",
					"@executable_path/Frameworks",
				);
				MARKETING_VERSION = 1.0;
				PRODUCT_BUNDLE_IDENTIFIER = com.liza.Ex.ColorizeApp;
				PRODUCT_NAME = "$(TARGET_NAME)";
				SWIFT_EMIT_LOC_STRINGS = YES;
				SWIFT_VERSION = 5.0;
				TARGETED_DEVICE_FAMILY = "1,2";
			};
			name = Release;
		};
/* End XCBuildConfiguration section */

/* Begin XCConfigurationList section */
		C62C00A02A9A9B0A00333B32 /* Build configuration list for PBXProject "ColorizeApp" */ = {
			isa = XCConfigurationList;
			buildConfigurations = (
				C62C00B12A9A9B0C00333B32 /* Debug */,
				C62C00B22A9A9B0C00333B32 /* Release */,
			);
			defaultConfigurationIsVisible = 0;
			defaultConfigurationName = Release;
		};
		C62C00B32A9A9B0C00333B32 /* Build configuration list for PBXNativeTarget "ColorizeApp" */ = {
			isa = XCConfigurationList;
			buildConfigurations = (
				C62C00B42A9A9B0C00333B32 /* Debug */,
				C62C00B52A9A9B0C00333B32 /* Release */,
			);
			defaultConfigurationIsVisible = 0;
			defaultConfigurationName = Release;
		};
/* End XCConfigurationList section */
	};
	rootObject = C62C009D2A9A9B0A00333B32 /* Project object */;
}
